
Microsoft Visual Studio Solution File, Format Version 12.00
# Visual Studio Version 17
VisualStudioVersion = 17.12.35707.178 d17.12
MinimumVisualStudioVersion = 10.0.40219.1
Project("{FAE04EC0-301F-11D3-BF4B-00C04F79EFBC}") = "RssAggregator.Presentation", "src\RssAggregator.Presentation\RssAggregator.Presentation.csproj", "{B7ADD6AC-AD79-4112-A22A-8F573307B13E}"
EndProject
Project("{FAE04EC0-301F-11D3-BF4B-00C04F79EFBC}") = "RssAggregator.Domain", "src\RssAggregator.Domain\RssAggregator.Domain.csproj", "{B33AD2DD-06C3-4EC3-9A5C-24CBD34A5A8C}"
EndProject
Project("{FAE04EC0-301F-11D3-BF4B-00C04F79EFBC}") = "RssAggregator.Infrastructure", "src\RssAggregator.Infrastructure\RssAggregator.Infrastructure.csproj", "{C626CE7D-E335-4984-B268-6719CB262A7B}"
EndProject
Project("{FAE04EC0-301F-11D3-BF4B-00C04F79EFBC}") = "RssAggregator.Persistence", "src\RssAggregator.Persistence\RssAggregator.Persistence.csproj", "{75EE182C-889D-4CB3-A3F0-B3B3454DB086}"
EndProject
Project("{FAE04EC0-301F-11D3-BF4B-00C04F79EFBC}") = "RssAggregator.Application", "src\RssAggregator.Application\RssAggregator.Application.csproj", "{89F92A6E-BC03-4383-B9A6-AB7E70708344}"
EndProject
Project("{2150E333-8FDC-42A3-9474-1A3956D46DE8}") = "DependencyInjection", "DependencyInjection", "{053DBD70-03E0-480F-AC98-454518A99BDF}"
EndProject
Project("{FAE04EC0-301F-11D3-BF4B-00C04F79EFBC}") = "RssAggregator.Application.DependencyInjection", "src\RssAggregator.Application.DependencyInjection\RssAggregator.Application.DependencyInjection.csproj", "{8CCDB799-6EE3-4AD6-8BB0-75F82D48FA25}"
EndProject
Project("{FAE04EC0-301F-11D3-BF4B-00C04F79EFBC}") = "RssAggregator.Persistence.DependencyInjection", "src\RssAggregator.Persistence.DependencyInjection\RssAggregator.Persistence.DependencyInjection.csproj", "{387D5339-655D-4658-AA09-F5EC966EA5A4}"
EndProject
Project("{FAE04EC0-301F-11D3-BF4B-00C04F79EFBC}") = "RssAggregator.Application.Tests", "test\RssAggregator.Application.Tests\RssAggregator.Application.Tests.csproj", "{2E392B3B-A214-43F6-BA4F-2B2A7FAF279D}"
EndProject
Project("{FAE04EC0-301F-11D3-BF4B-00C04F79EFBC}") = "RssAggregator.Infrastructure.DependencyInjection", "src\RssAggregator.Infrastructure.DependencyInjection\RssAggregator.Infrastructure.DependencyInjection.csproj", "{7F8E36CE-D607-4C71-B6AD-10896A46D015}"
EndProject
Project("{2150E333-8FDC-42A3-9474-1A3956D46DE8}") = "src", "src", "{11683CC9-AF57-4A31-91DE-C94BBBB6F84D}"
EndProject
Project("{2150E333-8FDC-42A3-9474-1A3956D46DE8}") = "RssAggregator.Core", "RssAggregator.Core", "{3BC29066-1BF7-4250-97DA-83ED7A6D3801}"
EndProject
Project("{2150E333-8FDC-42A3-9474-1A3956D46DE8}") = "tests", "tests", "{86A5A05C-6085-485D-868B-7FC807C09915}"
EndProject
Project("{2150E333-8FDC-42A3-9474-1A3956D46DE8}") = "RssAggregator.Core", "RssAggregator.Core", "{1AAF7A1D-B0C8-4CFA-9B01-67F63F8E0BD2}"
EndProject
Project("{2150E333-8FDC-42A3-9474-1A3956D46DE8}") = "RssAggregator.Identity", "RssAggregator.Identity", "{469D01D5-6EFA-4BDC-AA9D-61E5722A9D19}"
EndProject
Project("{FAE04EC0-301F-11D3-BF4B-00C04F79EFBC}") = "Iliami.Identity.Domain", "src\Iliami.Identity.Domain\Iliami.Identity.Domain.csproj", "{3C10EA91-15B4-45D2-92AE-0D28527D33F0}"
EndProject
Project("{FAE04EC0-301F-11D3-BF4B-00C04F79EFBC}") = "Iliami.Identity.Presentation", "src\Iliami.Identity.Presentation\Iliami.Identity.Presentation.csproj", "{9ED360AF-58B9-4C73-8FBA-D662F991ACAD}"
EndProject
Project("{FAE04EC0-301F-11D3-BF4B-00C04F79EFBC}") = "Iliami.Identity.Infrastructure", "src\Iliami.Identity.Infrastructure\Iliami.Identity.Infrastructure.csproj", "{53C1A1F1-2F0F-4743-B815-A76FB11FAAF2}"
EndProject
Project("{2150E333-8FDC-42A3-9474-1A3956D46DE8}") = "RssAggregator.Shared", "RssAggregator.Shared", "{04C0312B-FA79-43A1-9BD2-C3683CEE1EDF}"
EndProject
Project("{FAE04EC0-301F-11D3-BF4B-00C04F79EFBC}") = "RssAggregator.BusModels", "src\RssAggregator.BusModels\RssAggregator.BusModels.csproj", "{0D362C7D-455A-4EE0-A73E-56D1C47453B9}"
EndProject
Project("{FAE04EC0-301F-11D3-BF4B-00C04F79EFBC}") = "RssAggregator.Persistence.Tests", "test\RssAggregator.Persistence.Tests\RssAggregator.Persistence.Tests.csproj", "{AC210266-3596-4978-9A02-6FAE69F3F99F}"
EndProject
Project("{2150E333-8FDC-42A3-9474-1A3956D46DE8}") = "DependencyInjection", "DependencyInjection", "{AECE0FA0-BF22-4995-AD53-D2627E059E6F}"
EndProject
Project("{FAE04EC0-301F-11D3-BF4B-00C04F79EFBC}") = "Iliami.Identity.Domain.DependencyInjection", "src\Iliami.Identity.Domain.DependencyInjection\Iliami.Identity.Domain.DependencyInjection.csproj", "{494C2707-B6A0-4103-9BD2-FD2B20193AE4}"
EndProject
Project("{FAE04EC0-301F-11D3-BF4B-00C04F79EFBC}") = "Iliami.Identity.Infrastructure.DependencyInjection", "src\Iliami.Identity.Infrastructure.DependencyInjection\Iliami.Identity.Infrastructure.DependencyInjection.csproj", "{5E52F669-6E7B-43B0-B5F1-A66DD8D293BA}"
EndProject
Project("{2150E333-8FDC-42A3-9474-1A3956D46DE8}") = "RssAggregator.Identity", "RssAggregator.Identity", "{69B7AAEC-D428-432A-87F0-E69BABFA28CF}"
EndProject
Project("{FAE04EC0-301F-11D3-BF4B-00C04F79EFBC}") = "Iliami.Identity.Domain.Tests", "test\Iliami.Identity.Domain.Tests\Iliami.Identity.Domain.Tests.csproj", "{6D087977-1209-4FAB-B941-7EE98775D2C1}"
EndProject
Global
	GlobalSection(SolutionConfigurationPlatforms) = preSolution
		Debug|Any CPU = Debug|Any CPU
		Release|Any CPU = Release|Any CPU
	EndGlobalSection
	GlobalSection(ProjectConfigurationPlatforms) = postSolution
		{B7ADD6AC-AD79-4112-A22A-8F573307B13E}.Debug|Any CPU.ActiveCfg = Debug|Any CPU
		{B7ADD6AC-AD79-4112-A22A-8F573307B13E}.Debug|Any CPU.Build.0 = Debug|Any CPU
		{B7ADD6AC-AD79-4112-A22A-8F573307B13E}.Release|Any CPU.ActiveCfg = Release|Any CPU
		{B7ADD6AC-AD79-4112-A22A-8F573307B13E}.Release|Any CPU.Build.0 = Release|Any CPU
		{B33AD2DD-06C3-4EC3-9A5C-24CBD34A5A8C}.Debug|Any CPU.ActiveCfg = Debug|Any CPU
		{B33AD2DD-06C3-4EC3-9A5C-24CBD34A5A8C}.Debug|Any CPU.Build.0 = Debug|Any CPU
		{B33AD2DD-06C3-4EC3-9A5C-24CBD34A5A8C}.Release|Any CPU.ActiveCfg = Release|Any CPU
		{B33AD2DD-06C3-4EC3-9A5C-24CBD34A5A8C}.Release|Any CPU.Build.0 = Release|Any CPU
		{C626CE7D-E335-4984-B268-6719CB262A7B}.Debug|Any CPU.ActiveCfg = Debug|Any CPU
		{C626CE7D-E335-4984-B268-6719CB262A7B}.Debug|Any CPU.Build.0 = Debug|Any CPU
		{C626CE7D-E335-4984-B268-6719CB262A7B}.Release|Any CPU.ActiveCfg = Release|Any CPU
		{C626CE7D-E335-4984-B268-6719CB262A7B}.Release|Any CPU.Build.0 = Release|Any CPU
		{75EE182C-889D-4CB3-A3F0-B3B3454DB086}.Debug|Any CPU.ActiveCfg = Debug|Any CPU
		{75EE182C-889D-4CB3-A3F0-B3B3454DB086}.Debug|Any CPU.Build.0 = Debug|Any CPU
		{75EE182C-889D-4CB3-A3F0-B3B3454DB086}.Release|Any CPU.ActiveCfg = Release|Any CPU
		{75EE182C-889D-4CB3-A3F0-B3B3454DB086}.Release|Any CPU.Build.0 = Release|Any CPU
		{89F92A6E-BC03-4383-B9A6-AB7E70708344}.Debug|Any CPU.ActiveCfg = Debug|Any CPU
		{89F92A6E-BC03-4383-B9A6-AB7E70708344}.Debug|Any CPU.Build.0 = Debug|Any CPU
		{89F92A6E-BC03-4383-B9A6-AB7E70708344}.Release|Any CPU.ActiveCfg = Release|Any CPU
		{89F92A6E-BC03-4383-B9A6-AB7E70708344}.Release|Any CPU.Build.0 = Release|Any CPU
		{8CCDB799-6EE3-4AD6-8BB0-75F82D48FA25}.Debug|Any CPU.ActiveCfg = Debug|Any CPU
		{8CCDB799-6EE3-4AD6-8BB0-75F82D48FA25}.Debug|Any CPU.Build.0 = Debug|Any CPU
		{8CCDB799-6EE3-4AD6-8BB0-75F82D48FA25}.Release|Any CPU.ActiveCfg = Release|Any CPU
		{8CCDB799-6EE3-4AD6-8BB0-75F82D48FA25}.Release|Any CPU.Build.0 = Release|Any CPU
		{387D5339-655D-4658-AA09-F5EC966EA5A4}.Debug|Any CPU.ActiveCfg = Debug|Any CPU
		{387D5339-655D-4658-AA09-F5EC966EA5A4}.Debug|Any CPU.Build.0 = Debug|Any CPU
		{387D5339-655D-4658-AA09-F5EC966EA5A4}.Release|Any CPU.ActiveCfg = Release|Any CPU
		{387D5339-655D-4658-AA09-F5EC966EA5A4}.Release|Any CPU.Build.0 = Release|Any CPU
		{2E392B3B-A214-43F6-BA4F-2B2A7FAF279D}.Debug|Any CPU.ActiveCfg = Debug|Any CPU
		{2E392B3B-A214-43F6-BA4F-2B2A7FAF279D}.Debug|Any CPU.Build.0 = Debug|Any CPU
		{2E392B3B-A214-43F6-BA4F-2B2A7FAF279D}.Release|Any CPU.ActiveCfg = Release|Any CPU
		{2E392B3B-A214-43F6-BA4F-2B2A7FAF279D}.Release|Any CPU.Build.0 = Release|Any CPU
		{7F8E36CE-D607-4C71-B6AD-10896A46D015}.Debug|Any CPU.ActiveCfg = Debug|Any CPU
		{7F8E36CE-D607-4C71-B6AD-10896A46D015}.Debug|Any CPU.Build.0 = Debug|Any CPU
		{7F8E36CE-D607-4C71-B6AD-10896A46D015}.Release|Any CPU.ActiveCfg = Release|Any CPU
		{7F8E36CE-D607-4C71-B6AD-10896A46D015}.Release|Any CPU.Build.0 = Release|Any CPU
		{3C10EA91-15B4-45D2-92AE-0D28527D33F0}.Debug|Any CPU.ActiveCfg = Debug|Any CPU
		{3C10EA91-15B4-45D2-92AE-0D28527D33F0}.Debug|Any CPU.Build.0 = Debug|Any CPU
		{3C10EA91-15B4-45D2-92AE-0D28527D33F0}.Release|Any CPU.ActiveCfg = Release|Any CPU
		{3C10EA91-15B4-45D2-92AE-0D28527D33F0}.Release|Any CPU.Build.0 = Release|Any CPU
		{9ED360AF-58B9-4C73-8FBA-D662F991ACAD}.Debug|Any CPU.ActiveCfg = Debug|Any CPU
		{9ED360AF-58B9-4C73-8FBA-D662F991ACAD}.Debug|Any CPU.Build.0 = Debug|Any CPU
		{9ED360AF-58B9-4C73-8FBA-D662F991ACAD}.Release|Any CPU.ActiveCfg = Release|Any CPU
		{9ED360AF-58B9-4C73-8FBA-D662F991ACAD}.Release|Any CPU.Build.0 = Release|Any CPU
		{53C1A1F1-2F0F-4743-B815-A76FB11FAAF2}.Debug|Any CPU.ActiveCfg = Debug|Any CPU
		{53C1A1F1-2F0F-4743-B815-A76FB11FAAF2}.Debug|Any CPU.Build.0 = Debug|Any CPU
		{53C1A1F1-2F0F-4743-B815-A76FB11FAAF2}.Release|Any CPU.ActiveCfg = Release|Any CPU
		{53C1A1F1-2F0F-4743-B815-A76FB11FAAF2}.Release|Any CPU.Build.0 = Release|Any CPU
		{0D362C7D-455A-4EE0-A73E-56D1C47453B9}.Debug|Any CPU.ActiveCfg = Debug|Any CPU
		{0D362C7D-455A-4EE0-A73E-56D1C47453B9}.Debug|Any CPU.Build.0 = Debug|Any CPU
		{0D362C7D-455A-4EE0-A73E-56D1C47453B9}.Release|Any CPU.ActiveCfg = Release|Any CPU
		{0D362C7D-455A-4EE0-A73E-56D1C47453B9}.Release|Any CPU.Build.0 = Release|Any CPU
		{AC210266-3596-4978-9A02-6FAE69F3F99F}.Debug|Any CPU.ActiveCfg = Debug|Any CPU
		{AC210266-3596-4978-9A02-6FAE69F3F99F}.Debug|Any CPU.Build.0 = Debug|Any CPU
		{AC210266-3596-4978-9A02-6FAE69F3F99F}.Release|Any CPU.ActiveCfg = Release|Any CPU
		{AC210266-3596-4978-9A02-6FAE69F3F99F}.Release|Any CPU.Build.0 = Release|Any CPU
		{494C2707-B6A0-4103-9BD2-FD2B20193AE4}.Debug|Any CPU.ActiveCfg = Debug|Any CPU
		{494C2707-B6A0-4103-9BD2-FD2B20193AE4}.Debug|Any CPU.Build.0 = Debug|Any CPU
		{494C2707-B6A0-4103-9BD2-FD2B20193AE4}.Release|Any CPU.ActiveCfg = Release|Any CPU
		{494C2707-B6A0-4103-9BD2-FD2B20193AE4}.Release|Any CPU.Build.0 = Release|Any CPU
		{5E52F669-6E7B-43B0-B5F1-A66DD8D293BA}.Debug|Any CPU.ActiveCfg = Debug|Any CPU
		{5E52F669-6E7B-43B0-B5F1-A66DD8D293BA}.Debug|Any CPU.Build.0 = Debug|Any CPU
		{5E52F669-6E7B-43B0-B5F1-A66DD8D293BA}.Release|Any CPU.ActiveCfg = Release|Any CPU
		{5E52F669-6E7B-43B0-B5F1-A66DD8D293BA}.Release|Any CPU.Build.0 = Release|Any CPU
		{6D087977-1209-4FAB-B941-7EE98775D2C1}.Debug|Any CPU.ActiveCfg = Debug|Any CPU
		{6D087977-1209-4FAB-B941-7EE98775D2C1}.Debug|Any CPU.Build.0 = Debug|Any CPU
		{6D087977-1209-4FAB-B941-7EE98775D2C1}.Release|Any CPU.ActiveCfg = Release|Any CPU
		{6D087977-1209-4FAB-B941-7EE98775D2C1}.Release|Any CPU.Build.0 = Release|Any CPU
	EndGlobalSection
	GlobalSection(SolutionProperties) = preSolution
		HideSolutionNode = FALSE
	EndGlobalSection
	GlobalSection(NestedProjects) = preSolution
		{B7ADD6AC-AD79-4112-A22A-8F573307B13E} = {3BC29066-1BF7-4250-97DA-83ED7A6D3801}
		{B33AD2DD-06C3-4EC3-9A5C-24CBD34A5A8C} = {3BC29066-1BF7-4250-97DA-83ED7A6D3801}
		{C626CE7D-E335-4984-B268-6719CB262A7B} = {3BC29066-1BF7-4250-97DA-83ED7A6D3801}
		{75EE182C-889D-4CB3-A3F0-B3B3454DB086} = {3BC29066-1BF7-4250-97DA-83ED7A6D3801}
		{89F92A6E-BC03-4383-B9A6-AB7E70708344} = {3BC29066-1BF7-4250-97DA-83ED7A6D3801}
		{053DBD70-03E0-480F-AC98-454518A99BDF} = {3BC29066-1BF7-4250-97DA-83ED7A6D3801}
		{8CCDB799-6EE3-4AD6-8BB0-75F82D48FA25} = {053DBD70-03E0-480F-AC98-454518A99BDF}
		{387D5339-655D-4658-AA09-F5EC966EA5A4} = {053DBD70-03E0-480F-AC98-454518A99BDF}
		{2E392B3B-A214-43F6-BA4F-2B2A7FAF279D} = {1AAF7A1D-B0C8-4CFA-9B01-67F63F8E0BD2}
		{7F8E36CE-D607-4C71-B6AD-10896A46D015} = {053DBD70-03E0-480F-AC98-454518A99BDF}
		{3BC29066-1BF7-4250-97DA-83ED7A6D3801} = {11683CC9-AF57-4A31-91DE-C94BBBB6F84D}
		{1AAF7A1D-B0C8-4CFA-9B01-67F63F8E0BD2} = {86A5A05C-6085-485D-868B-7FC807C09915}
		{469D01D5-6EFA-4BDC-AA9D-61E5722A9D19} = {11683CC9-AF57-4A31-91DE-C94BBBB6F84D}
		{3C10EA91-15B4-45D2-92AE-0D28527D33F0} = {469D01D5-6EFA-4BDC-AA9D-61E5722A9D19}
		{9ED360AF-58B9-4C73-8FBA-D662F991ACAD} = {469D01D5-6EFA-4BDC-AA9D-61E5722A9D19}
		{53C1A1F1-2F0F-4743-B815-A76FB11FAAF2} = {469D01D5-6EFA-4BDC-AA9D-61E5722A9D19}
		{04C0312B-FA79-43A1-9BD2-C3683CEE1EDF} = {11683CC9-AF57-4A31-91DE-C94BBBB6F84D}
		{0D362C7D-455A-4EE0-A73E-56D1C47453B9} = {04C0312B-FA79-43A1-9BD2-C3683CEE1EDF}
		{AC210266-3596-4978-9A02-6FAE69F3F99F} = {1AAF7A1D-B0C8-4CFA-9B01-67F63F8E0BD2}
		{AECE0FA0-BF22-4995-AD53-D2627E059E6F} = {469D01D5-6EFA-4BDC-AA9D-61E5722A9D19}
		{494C2707-B6A0-4103-9BD2-FD2B20193AE4} = {AECE0FA0-BF22-4995-AD53-D2627E059E6F}
		{5E52F669-6E7B-43B0-B5F1-A66DD8D293BA} = {AECE0FA0-BF22-4995-AD53-D2627E059E6F}
		{69B7AAEC-D428-432A-87F0-E69BABFA28CF} = {86A5A05C-6085-485D-868B-7FC807C09915}
		{6D087977-1209-4FAB-B941-7EE98775D2C1} = {69B7AAEC-D428-432A-87F0-E69BABFA28CF}
	EndGlobalSection
EndGlobal
